# This file is automatically @generated by Cargo.
# It is not intended for manual editing.
version = 3

[[package]]
name = "crossword"
version = "0.1.0"
dependencies = [
 "orange-trees",
]

[[package]]
name = "orange-trees"
version = "0.1.0"
source = "registry+https://github.com/rust-lang/crates.io-index"
checksum = "09076c6795512834ae9688afc74f3d5634e72486212155c62ffa9018a3cf93c8"
